
Microsoft Visual Studio Solution File, Format Version 12.00
# Visual Studio 14
VisualStudioVersion = 14.0.25123.0
MinimumVisualStudioVersion = 10.0.40219.1
Project("{FAE04EC0-301F-11D3-BF4B-00C04F79EFBC}") = "SimpleKeypad.Droid", "SimpleKeypad\SimpleKeypad.Droid\SimpleKeypad.Droid.csproj", "{8C58B8B1-826A-49D5-BEE7-B66DF89E63A9}"
EndProject
Project("{FAE04EC0-301F-11D3-BF4B-00C04F79EFBC}") = "SimpleKeypad.iOS", "SimpleKeypad\SimpleKeypad.iOS\SimpleKeypad.iOS.csproj", "{2D516759-516C-439D-A95A-7908A3D56605}"
EndProject
Project("{FAE04EC0-301F-11D3-BF4B-00C04F79EFBC}") = "SimpleKeypad.WinPhone", "SimpleKeypad\SimpleKeypad.WinPhone\SimpleKeypad.WinPhone.csproj", "{9C20A981-1CFE-4869-A569-0F2252A6FEB2}"
EndProject
Project("{FAE04EC0-301F-11D3-BF4B-00C04F79EFBC}") = "SimpleKeypad.UWP", "SimpleKeypad\SimpleKeypad.UWP\SimpleKeypad.UWP.csproj", "{86BEC42F-5570-48AB-99AC-97F315532303}"
EndProject
Project("{FAE04EC0-301F-11D3-BF4B-00C04F79EFBC}") = "SimpleKeypad.Windows", "SimpleKeypad\SimpleKeypad.Windows\SimpleKeypad.Windows.csproj", "{E9D2B1A9-5DA7-4751-9D9B-CA8936F00158}"
EndProject
Project("{FAE04EC0-301F-11D3-BF4B-00C04F79EFBC}") = "SimpleKeypad", "SimpleKeypad\SimpleKeypad\SimpleKeypad.csproj", "{BF9AA8A1-4227-447B-AAAF-954B88F36BAD}"
EndProject
Global
	GlobalSection(SolutionConfigurationPlatforms) = preSolution
		Ad-Hoc|Any CPU = Ad-Hoc|Any CPU
		Ad-Hoc|ARM = Ad-Hoc|ARM
		Ad-Hoc|iPhone = Ad-Hoc|iPhone
		Ad-Hoc|iPhoneSimulator = Ad-Hoc|iPhoneSimulator
		Ad-Hoc|x64 = Ad-Hoc|x64
		Ad-Hoc|x86 = Ad-Hoc|x86
		AppStore|Any CPU = AppStore|Any CPU
		AppStore|ARM = AppStore|ARM
		AppStore|iPhone = AppStore|iPhone
		AppStore|iPhoneSimulator = AppStore|iPhoneSimulator
		AppStore|x64 = AppStore|x64
		AppStore|x86 = AppStore|x86
		Debug|Any CPU = Debug|Any CPU
		Debug|ARM = Debug|ARM
		Debug|iPhone = Debug|iPhone
		Debug|iPhoneSimulator = Debug|iPhoneSimulator
		Debug|x64 = Debug|x64
		Debug|x86 = Debug|x86
		Release|Any CPU = Release|Any CPU
		Release|ARM = Release|ARM
		Release|iPhone = Release|iPhone
		Release|iPhoneSimulator = Release|iPhoneSimulator
		Release|x64 = Release|x64
		Release|x86 = Release|x86
	EndGlobalSection
	GlobalSection(ProjectConfigurationPlatforms) = postSolution
		{8C58B8B1-826A-49D5-BEE7-B66DF89E63A9}.Ad-Hoc|Any CPU.ActiveCfg = Release|Any CPU
		{8C58B8B1-826A-49D5-BEE7-B66DF89E63A9}.Ad-Hoc|Any CPU.Build.0 = Release|Any CPU
		{8C58B8B1-826A-49D5-BEE7-B66DF89E63A9}.Ad-Hoc|Any CPU.Deploy.0 = Release|Any CPU
		{8C58B8B1-826A-49D5-BEE7-B66DF89E63A9}.Ad-Hoc|ARM.ActiveCfg = Release|Any CPU
		{8C58B8B1-826A-49D5-BEE7-B66DF89E63A9}.Ad-Hoc|ARM.Build.0 = Release|Any CPU
		{8C58B8B1-826A-49D5-BEE7-B66DF89E63A9}.Ad-Hoc|ARM.Deploy.0 = Release|Any CPU
		{8C58B8B1-826A-49D5-BEE7-B66DF89E63A9}.Ad-Hoc|iPhone.ActiveCfg = Release|Any CPU
		{8C58B8B1-826A-49D5-BEE7-B66DF89E63A9}.Ad-Hoc|iPhone.Build.0 = Release|Any CPU
		{8C58B8B1-826A-49D5-BEE7-B66DF89E63A9}.Ad-Hoc|iPhone.Deploy.0 = Release|Any CPU
		{8C58B8B1-826A-49D5-BEE7-B66DF89E63A9}.Ad-Hoc|iPhoneSimulator.ActiveCfg = Release|Any CPU
		{8C58B8B1-826A-49D5-BEE7-B66DF89E63A9}.Ad-Hoc|iPhoneSimulator.Build.0 = Release|Any CPU
		{8C58B8B1-826A-49D5-BEE7-B66DF89E63A9}.Ad-Hoc|iPhoneSimulator.Deploy.0 = Release|Any CPU
		{8C58B8B1-826A-49D5-BEE7-B66DF89E63A9}.Ad-Hoc|x64.ActiveCfg = Release|Any CPU
		{8C58B8B1-826A-49D5-BEE7-B66DF89E63A9}.Ad-Hoc|x64.Build.0 = Release|Any CPU
		{8C58B8B1-826A-49D5-BEE7-B66DF89E63A9}.Ad-Hoc|x64.Deploy.0 = Release|Any CPU
		{8C58B8B1-826A-49D5-BEE7-B66DF89E63A9}.Ad-Hoc|x86.ActiveCfg = Release|Any CPU
		{8C58B8B1-826A-49D5-BEE7-B66DF89E63A9}.Ad-Hoc|x86.Build.0 = Release|Any CPU
		{8C58B8B1-826A-49D5-BEE7-B66DF89E63A9}.Ad-Hoc|x86.Deploy.0 = Release|Any CPU
		{8C58B8B1-826A-49D5-BEE7-B66DF89E63A9}.AppStore|Any CPU.ActiveCfg = Release|Any CPU
		{8C58B8B1-826A-49D5-BEE7-B66DF89E63A9}.AppStore|Any CPU.Build.0 = Release|Any CPU
		{8C58B8B1-826A-49D5-BEE7-B66DF89E63A9}.AppStore|Any CPU.Deploy.0 = Release|Any CPU
		{8C58B8B1-826A-49D5-BEE7-B66DF89E63A9}.AppStore|ARM.ActiveCfg = Release|Any CPU
		{8C58B8B1-826A-49D5-BEE7-B66DF89E63A9}.AppStore|ARM.Build.0 = Release|Any CPU
		{8C58B8B1-826A-49D5-BEE7-B66DF89E63A9}.AppStore|ARM.Deploy.0 = Release|Any CPU
		{8C58B8B1-826A-49D5-BEE7-B66DF89E63A9}.AppStore|iPhone.ActiveCfg = Release|Any CPU
		{8C58B8B1-826A-49D5-BEE7-B66DF89E63A9}.AppStore|iPhone.Build.0 = Release|Any CPU
		{8C58B8B1-826A-49D5-BEE7-B66DF89E63A9}.AppStore|iPhone.Deploy.0 = Release|Any CPU
		{8C58B8B1-826A-49D5-BEE7-B66DF89E63A9}.AppStore|iPhoneSimulator.ActiveCfg = Release|Any CPU
		{8C58B8B1-826A-49D5-BEE7-B66DF89E63A9}.AppStore|iPhoneSimulator.Build.0 = Release|Any CPU
		{8C58B8B1-826A-49D5-BEE7-B66DF89E63A9}.AppStore|iPhoneSimulator.Deploy.0 = Release|Any CPU
		{8C58B8B1-826A-49D5-BEE7-B66DF89E63A9}.AppStore|x64.ActiveCfg = Release|Any CPU
		{8C58B8B1-826A-49D5-BEE7-B66DF89E63A9}.AppStore|x64.Build.0 = Release|Any CPU
		{8C58B8B1-826A-49D5-BEE7-B66DF89E63A9}.AppStore|x64.Deploy.0 = Release|Any CPU
		{8C58B8B1-826A-49D5-BEE7-B66DF89E63A9}.AppStore|x86.ActiveCfg = Release|Any CPU
		{8C58B8B1-826A-49D5-BEE7-B66DF89E63A9}.AppStore|x86.Build.0 = Release|Any CPU
		{8C58B8B1-826A-49D5-BEE7-B66DF89E63A9}.AppStore|x86.Deploy.0 = Release|Any CPU
		{8C58B8B1-826A-49D5-BEE7-B66DF89E63A9}.Debug|Any CPU.ActiveCfg = Debug|Any CPU
		{8C58B8B1-826A-49D5-BEE7-B66DF89E63A9}.Debug|Any CPU.Build.0 = Debug|Any CPU
		{8C58B8B1-826A-49D5-BEE7-B66DF89E63A9}.Debug|Any CPU.Deploy.0 = Debug|Any CPU
		{8C58B8B1-826A-49D5-BEE7-B66DF89E63A9}.Debug|ARM.ActiveCfg = Debug|Any CPU
		{8C58B8B1-826A-49D5-BEE7-B66DF89E63A9}.Debug|ARM.Build.0 = Debug|Any CPU
		{8C58B8B1-826A-49D5-BEE7-B66DF89E63A9}.Debug|ARM.Deploy.0 = Debug|Any CPU
		{8C58B8B1-826A-49D5-BEE7-B66DF89E63A9}.Debug|iPhone.ActiveCfg = Debug|Any CPU
		{8C58B8B1-826A-49D5-BEE7-B66DF89E63A9}.Debug|iPhone.Build.0 = Debug|Any CPU
		{8C58B8B1-826A-49D5-BEE7-B66DF89E63A9}.Debug|iPhone.Deploy.0 = Debug|Any CPU
		{8C58B8B1-826A-49D5-BEE7-B66DF89E63A9}.Debug|iPhoneSimulator.ActiveCfg = Debug|Any CPU
		{8C58B8B1-826A-49D5-BEE7-B66DF89E63A9}.Debug|iPhoneSimulator.Build.0 = Debug|Any CPU
		{8C58B8B1-826A-49D5-BEE7-B66DF89E63A9}.Debug|iPhoneSimulator.Deploy.0 = Debug|Any CPU
		{8C58B8B1-826A-49D5-BEE7-B66DF89E63A9}.Debug|x64.ActiveCfg = Debug|Any CPU
		{8C58B8B1-826A-49D5-BEE7-B66DF89E63A9}.Debug|x64.Build.0 = Debug|Any CPU
		{8C58B8B1-826A-49D5-BEE7-B66DF89E63A9}.Debug|x64.Deploy.0 = Debug|Any CPU
		{8C58B8B1-826A-49D5-BEE7-B66DF89E63A9}.Debug|x86.ActiveCfg = Debug|Any CPU
		{8C58B8B1-826A-49D5-BEE7-B66DF89E63A9}.Debug|x86.Build.0 = Debug|Any CPU
		{8C58B8B1-826A-49D5-BEE7-B66DF89E63A9}.Debug|x86.Deploy.0 = Debug|Any CPU
		{8C58B8B1-826A-49D5-BEE7-B66DF89E63A9}.Release|Any CPU.ActiveCfg = Release|Any CPU
		{8C58B8B1-826A-49D5-BEE7-B66DF89E63A9}.Release|Any CPU.Build.0 = Release|Any CPU
		{8C58B8B1-826A-49D5-BEE7-B66DF89E63A9}.Release|Any CPU.Deploy.0 = Release|Any CPU
		{8C58B8B1-826A-49D5-BEE7-B66DF89E63A9}.Release|ARM.ActiveCfg = Release|Any CPU
		{8C58B8B1-826A-49D5-BEE7-B66DF89E63A9}.Release|ARM.Build.0 = Release|Any CPU
		{8C58B8B1-826A-49D5-BEE7-B66DF89E63A9}.Release|ARM.Deploy.0 = Release|Any CPU
		{8C58B8B1-826A-49D5-BEE7-B66DF89E63A9}.Release|iPhone.ActiveCfg = Release|Any CPU
		{8C58B8B1-826A-49D5-BEE7-B66DF89E63A9}.Release|iPhone.Build.0 = Release|Any CPU
		{8C58B8B1-826A-49D5-BEE7-B66DF89E63A9}.Release|iPhone.Deploy.0 = Release|Any CPU
		{8C58B8B1-826A-49D5-BEE7-B66DF89E63A9}.Release|iPhoneSimulator.ActiveCfg = Release|Any CPU
		{8C58B8B1-826A-49D5-BEE7-B66DF89E63A9}.Release|iPhoneSimulator.Build.0 = Release|Any CPU
		{8C58B8B1-826A-49D5-BEE7-B66DF89E63A9}.Release|iPhoneSimulator.Deploy.0 = Release|Any CPU
		{8C58B8B1-826A-49D5-BEE7-B66DF89E63A9}.Release|x64.ActiveCfg = Release|Any CPU
		{8C58B8B1-826A-49D5-BEE7-B66DF89E63A9}.Release|x64.Build.0 = Release|Any CPU
		{8C58B8B1-826A-49D5-BEE7-B66DF89E63A9}.Release|x64.Deploy.0 = Release|Any CPU
		{8C58B8B1-826A-49D5-BEE7-B66DF89E63A9}.Release|x86.ActiveCfg = Release|Any CPU
		{8C58B8B1-826A-49D5-BEE7-B66DF89E63A9}.Release|x86.Build.0 = Release|Any CPU
		{8C58B8B1-826A-49D5-BEE7-B66DF89E63A9}.Release|x86.Deploy.0 = Release|Any CPU
		{2D516759-516C-439D-A95A-7908A3D56605}.Ad-Hoc|Any CPU.ActiveCfg = Ad-Hoc|iPhone
		{2D516759-516C-439D-A95A-7908A3D56605}.Ad-Hoc|ARM.ActiveCfg = Ad-Hoc|iPhone
		{2D516759-516C-439D-A95A-7908A3D56605}.Ad-Hoc|iPhone.ActiveCfg = Ad-Hoc|iPhone
		{2D516759-516C-439D-A95A-7908A3D56605}.Ad-Hoc|iPhone.Build.0 = Ad-Hoc|iPhone
		{2D516759-516C-439D-A95A-7908A3D56605}.Ad-Hoc|iPhoneSimulator.ActiveCfg = Ad-Hoc|iPhoneSimulator
		{2D516759-516C-439D-A95A-7908A3D56605}.Ad-Hoc|iPhoneSimulator.Build.0 = Ad-Hoc|iPhoneSimulator
		{2D516759-516C-439D-A95A-7908A3D56605}.Ad-Hoc|x64.ActiveCfg = Ad-Hoc|iPhone
		{2D516759-516C-439D-A95A-7908A3D56605}.Ad-Hoc|x86.ActiveCfg = Ad-Hoc|iPhone
		{2D516759-516C-439D-A95A-7908A3D56605}.AppStore|Any CPU.ActiveCfg = AppStore|iPhone
		{2D516759-516C-439D-A95A-7908A3D56605}.AppStore|ARM.ActiveCfg = AppStore|iPhone
		{2D516759-516C-439D-A95A-7908A3D56605}.AppStore|iPhone.ActiveCfg = AppStore|iPhone
		{2D516759-516C-439D-A95A-7908A3D56605}.AppStore|iPhone.Build.0 = AppStore|iPhone
		{2D516759-516C-439D-A95A-7908A3D56605}.AppStore|iPhoneSimulator.ActiveCfg = AppStore|iPhoneSimulator
		{2D516759-516C-439D-A95A-7908A3D56605}.AppStore|iPhoneSimulator.Build.0 = AppStore|iPhoneSimulator
		{2D516759-516C-439D-A95A-7908A3D56605}.AppStore|x64.ActiveCfg = AppStore|iPhone
		{2D516759-516C-439D-A95A-7908A3D56605}.AppStore|x86.ActiveCfg = AppStore|iPhone
		{2D516759-516C-439D-A95A-7908A3D56605}.Debug|Any CPU.ActiveCfg = Debug|iPhone
		{2D516759-516C-439D-A95A-7908A3D56605}.Debug|ARM.ActiveCfg = Debug|iPhone
		{2D516759-516C-439D-A95A-7908A3D56605}.Debug|iPhone.ActiveCfg = Debug|iPhone
		{2D516759-516C-439D-A95A-7908A3D56605}.Debug|iPhone.Build.0 = Debug|iPhone
		{2D516759-516C-439D-A95A-7908A3D56605}.Debug|iPhoneSimulator.ActiveCfg = Debug|iPhoneSimulator
		{2D516759-516C-439D-A95A-7908A3D56605}.Debug|iPhoneSimulator.Build.0 = Debug|iPhoneSimulator
		{2D516759-516C-439D-A95A-7908A3D56605}.Debug|x64.ActiveCfg = Debug|iPhone
		{2D516759-516C-439D-A95A-7908A3D56605}.Debug|x86.ActiveCfg = Debug|iPhone
		{2D516759-516C-439D-A95A-7908A3D56605}.Release|Any CPU.ActiveCfg = Release|iPhone
		{2D516759-516C-439D-A95A-7908A3D56605}.Release|ARM.ActiveCfg = Release|iPhone
		{2D516759-516C-439D-A95A-7908A3D56605}.Release|iPhone.ActiveCfg = Release|iPhone
		{2D516759-516C-439D-A95A-7908A3D56605}.Release|iPhone.Build.0 = Release|iPhone
		{2D516759-516C-439D-A95A-7908A3D56605}.Release|iPhoneSimulator.ActiveCfg = Release|iPhoneSimulator
		{2D516759-516C-439D-A95A-7908A3D56605}.Release|iPhoneSimulator.Build.0 = Release|iPhoneSimulator
		{2D516759-516C-439D-A95A-7908A3D56605}.Release|x64.ActiveCfg = Release|iPhone
		{2D516759-516C-439D-A95A-7908A3D56605}.Release|x86.ActiveCfg = Release|iPhone
		{9C20A981-1CFE-4869-A569-0F2252A6FEB2}.Ad-Hoc|Any CPU.ActiveCfg = Release|Any CPU
		{9C20A981-1CFE-4869-A569-0F2252A6FEB2}.Ad-Hoc|Any CPU.Build.0 = Release|Any CPU
		{9C20A981-1CFE-4869-A569-0F2252A6FEB2}.Ad-Hoc|Any CPU.Deploy.0 = Release|Any CPU
		{9C20A981-1CFE-4869-A569-0F2252A6FEB2}.Ad-Hoc|ARM.ActiveCfg = Release|ARM
		{9C20A981-1CFE-4869-A569-0F2252A6FEB2}.Ad-Hoc|ARM.Build.0 = Release|ARM
		{9C20A981-1CFE-4869-A569-0F2252A6FEB2}.Ad-Hoc|ARM.Deploy.0 = Release|ARM
		{9C20A981-1CFE-4869-A569-0F2252A6FEB2}.Ad-Hoc|iPhone.ActiveCfg = Release|Any CPU
		{9C20A981-1CFE-4869-A569-0F2252A6FEB2}.Ad-Hoc|iPhone.Build.0 = Release|Any CPU
		{9C20A981-1CFE-4869-A569-0F2252A6FEB2}.Ad-Hoc|iPhone.Deploy.0 = Release|Any CPU
		{9C20A981-1CFE-4869-A569-0F2252A6FEB2}.Ad-Hoc|iPhoneSimulator.ActiveCfg = Release|Any CPU
		{9C20A981-1CFE-4869-A569-0F2252A6FEB2}.Ad-Hoc|iPhoneSimulator.Build.0 = Release|Any CPU
		{9C20A981-1CFE-4869-A569-0F2252A6FEB2}.Ad-Hoc|iPhoneSimulator.Deploy.0 = Release|Any CPU
		{9C20A981-1CFE-4869-A569-0F2252A6FEB2}.Ad-Hoc|x64.ActiveCfg = Release|Any CPU
		{9C20A981-1CFE-4869-A569-0F2252A6FEB2}.Ad-Hoc|x64.Build.0 = Release|Any CPU
		{9C20A981-1CFE-4869-A569-0F2252A6FEB2}.Ad-Hoc|x64.Deploy.0 = Release|Any CPU
		{9C20A981-1CFE-4869-A569-0F2252A6FEB2}.Ad-Hoc|x86.ActiveCfg = Release|x86
		{9C20A981-1CFE-4869-A569-0F2252A6FEB2}.Ad-Hoc|x86.Build.0 = Release|x86
		{9C20A981-1CFE-4869-A569-0F2252A6FEB2}.Ad-Hoc|x86.Deploy.0 = Release|x86
		{9C20A981-1CFE-4869-A569-0F2252A6FEB2}.AppStore|Any CPU.ActiveCfg = Release|Any CPU
		{9C20A981-1CFE-4869-A569-0F2252A6FEB2}.AppStore|Any CPU.Build.0 = Release|Any CPU
		{9C20A981-1CFE-4869-A569-0F2252A6FEB2}.AppStore|Any CPU.Deploy.0 = Release|Any CPU
		{9C20A981-1CFE-4869-A569-0F2252A6FEB2}.AppStore|ARM.ActiveCfg = Release|ARM
		{9C20A981-1CFE-4869-A569-0F2252A6FEB2}.AppStore|ARM.Build.0 = Release|ARM
		{9C20A981-1CFE-4869-A569-0F2252A6FEB2}.AppStore|ARM.Deploy.0 = Release|ARM
		{9C20A981-1CFE-4869-A569-0F2252A6FEB2}.AppStore|iPhone.ActiveCfg = Release|Any CPU
		{9C20A981-1CFE-4869-A569-0F2252A6FEB2}.AppStore|iPhone.Build.0 = Release|Any CPU
		{9C20A981-1CFE-4869-A569-0F2252A6FEB2}.AppStore|iPhone.Deploy.0 = Release|Any CPU
		{9C20A981-1CFE-4869-A569-0F2252A6FEB2}.AppStore|iPhoneSimulator.ActiveCfg = Release|Any CPU
		{9C20A981-1CFE-4869-A569-0F2252A6FEB2}.AppStore|iPhoneSimulator.Build.0 = Release|Any CPU
		{9C20A981-1CFE-4869-A569-0F2252A6FEB2}.AppStore|iPhoneSimulator.Deploy.0 = Release|Any CPU
		{9C20A981-1CFE-4869-A569-0F2252A6FEB2}.AppStore|x64.ActiveCfg = Release|Any CPU
		{9C20A981-1CFE-4869-A569-0F2252A6FEB2}.AppStore|x64.Build.0 = Release|Any CPU
		{9C20A981-1CFE-4869-A569-0F2252A6FEB2}.AppStore|x64.Deploy.0 = Release|Any CPU
		{9C20A981-1CFE-4869-A569-0F2252A6FEB2}.AppStore|x86.ActiveCfg = Release|x86
		{9C20A981-1CFE-4869-A569-0F2252A6FEB2}.AppStore|x86.Build.0 = Release|x86
		{9C20A981-1CFE-4869-A569-0F2252A6FEB2}.AppStore|x86.Deploy.0 = Release|x86
		{9C20A981-1CFE-4869-A569-0F2252A6FEB2}.Debug|Any CPU.ActiveCfg = Debug|Any CPU
		{9C20A981-1CFE-4869-A569-0F2252A6FEB2}.Debug|Any CPU.Build.0 = Debug|Any CPU
		{9C20A981-1CFE-4869-A569-0F2252A6FEB2}.Debug|Any CPU.Deploy.0 = Debug|Any CPU
		{9C20A981-1CFE-4869-A569-0F2252A6FEB2}.Debug|ARM.ActiveCfg = Debug|ARM
		{9C20A981-1CFE-4869-A569-0F2252A6FEB2}.Debug|ARM.Build.0 = Debug|ARM
		{9C20A981-1CFE-4869-A569-0F2252A6FEB2}.Debug|ARM.Deploy.0 = Debug|ARM
		{9C20A981-1CFE-4869-A569-0F2252A6FEB2}.Debug|iPhone.ActiveCfg = Debug|Any CPU
		{9C20A981-1CFE-4869-A569-0F2252A6FEB2}.Debug|iPhone.Build.0 = Debug|Any CPU
		{9C20A981-1CFE-4869-A569-0F2252A6FEB2}.Debug|iPhone.Deploy.0 = Debug|Any CPU
		{9C20A981-1CFE-4869-A569-0F2252A6FEB2}.Debug|iPhoneSimulator.ActiveCfg = Debug|Any CPU
		{9C20A981-1CFE-4869-A569-0F2252A6FEB2}.Debug|iPhoneSimulator.Build.0 = Debug|Any CPU
		{9C20A981-1CFE-4869-A569-0F2252A6FEB2}.Debug|iPhoneSimulator.Deploy.0 = Debug|Any CPU
		{9C20A981-1CFE-4869-A569-0F2252A6FEB2}.Debug|x64.ActiveCfg = Debug|Any CPU
		{9C20A981-1CFE-4869-A569-0F2252A6FEB2}.Debug|x64.Build.0 = Debug|Any CPU
		{9C20A981-1CFE-4869-A569-0F2252A6FEB2}.Debug|x64.Deploy.0 = Debug|Any CPU
		{9C20A981-1CFE-4869-A569-0F2252A6FEB2}.Debug|x86.ActiveCfg = Debug|x86
		{9C20A981-1CFE-4869-A569-0F2252A6FEB2}.Debug|x86.Build.0 = Debug|x86
		{9C20A981-1CFE-4869-A569-0F2252A6FEB2}.Debug|x86.Deploy.0 = Debug|x86
		{9C20A981-1CFE-4869-A569-0F2252A6FEB2}.Release|Any CPU.ActiveCfg = Release|Any CPU
		{9C20A981-1CFE-4869-A569-0F2252A6FEB2}.Release|Any CPU.Build.0 = Release|Any CPU
		{9C20A981-1CFE-4869-A569-0F2252A6FEB2}.Release|Any CPU.Deploy.0 = Release|Any CPU
		{9C20A981-1CFE-4869-A569-0F2252A6FEB2}.Release|ARM.ActiveCfg = Release|ARM
		{9C20A981-1CFE-4869-A569-0F2252A6FEB2}.Release|ARM.Build.0 = Release|ARM
		{9C20A981-1CFE-4869-A569-0F2252A6FEB2}.Release|ARM.Deploy.0 = Release|ARM
		{9C20A981-1CFE-4869-A569-0F2252A6FEB2}.Release|iPhone.ActiveCfg = Release|Any CPU
		{9C20A981-1CFE-4869-A569-0F2252A6FEB2}.Release|iPhone.Build.0 = Release|Any CPU
		{9C20A981-1CFE-4869-A569-0F2252A6FEB2}.Release|iPhone.Deploy.0 = Release|Any CPU
		{9C20A981-1CFE-4869-A569-0F2252A6FEB2}.Release|iPhoneSimulator.ActiveCfg = Release|Any CPU
		{9C20A981-1CFE-4869-A569-0F2252A6FEB2}.Release|iPhoneSimulator.Build.0 = Release|Any CPU
		{9C20A981-1CFE-4869-A569-0F2252A6FEB2}.Release|iPhoneSimulator.Deploy.0 = Release|Any CPU
		{9C20A981-1CFE-4869-A569-0F2252A6FEB2}.Release|x64.ActiveCfg = Release|Any CPU
		{9C20A981-1CFE-4869-A569-0F2252A6FEB2}.Release|x64.Build.0 = Release|Any CPU
		{9C20A981-1CFE-4869-A569-0F2252A6FEB2}.Release|x64.Deploy.0 = Release|Any CPU
		{9C20A981-1CFE-4869-A569-0F2252A6FEB2}.Release|x86.ActiveCfg = Release|x86
		{9C20A981-1CFE-4869-A569-0F2252A6FEB2}.Release|x86.Build.0 = Release|x86
		{9C20A981-1CFE-4869-A569-0F2252A6FEB2}.Release|x86.Deploy.0 = Release|x86
		{86BEC42F-5570-48AB-99AC-97F315532303}.Ad-Hoc|Any CPU.ActiveCfg = Release|x86
		{86BEC42F-5570-48AB-99AC-97F315532303}.Ad-Hoc|Any CPU.Build.0 = Release|x86
		{86BEC42F-5570-48AB-99AC-97F315532303}.Ad-Hoc|Any CPU.Deploy.0 = Release|x86
		{86BEC42F-5570-48AB-99AC-97F315532303}.Ad-Hoc|ARM.ActiveCfg = Release|ARM
		{86BEC42F-5570-48AB-99AC-97F315532303}.Ad-Hoc|ARM.Build.0 = Release|ARM
		{86BEC42F-5570-48AB-99AC-97F315532303}.Ad-Hoc|ARM.Deploy.0 = Release|ARM
		{86BEC42F-5570-48AB-99AC-97F315532303}.Ad-Hoc|iPhone.ActiveCfg = Release|x86
		{86BEC42F-5570-48AB-99AC-97F315532303}.Ad-Hoc|iPhone.Build.0 = Release|x86
		{86BEC42F-5570-48AB-99AC-97F315532303}.Ad-Hoc|iPhone.Deploy.0 = Release|x86
		{86BEC42F-5570-48AB-99AC-97F315532303}.Ad-Hoc|iPhoneSimulator.ActiveCfg = Release|x86
		{86BEC42F-5570-48AB-99AC-97F315532303}.Ad-Hoc|iPhoneSimulator.Build.0 = Release|x86
		{86BEC42F-5570-48AB-99AC-97F315532303}.Ad-Hoc|iPhoneSimulator.Deploy.0 = Release|x86
		{86BEC42F-5570-48AB-99AC-97F315532303}.Ad-Hoc|x64.ActiveCfg = Release|x64
		{86BEC42F-5570-48AB-99AC-97F315532303}.Ad-Hoc|x64.Build.0 = Release|x64
		{86BEC42F-5570-48AB-99AC-97F315532303}.Ad-Hoc|x64.Deploy.0 = Release|x64
		{86BEC42F-5570-48AB-99AC-97F315532303}.Ad-Hoc|x86.ActiveCfg = Release|x86
		{86BEC42F-5570-48AB-99AC-97F315532303}.Ad-Hoc|x86.Build.0 = Release|x86
		{86BEC42F-5570-48AB-99AC-97F315532303}.Ad-Hoc|x86.Deploy.0 = Release|x86
		{86BEC42F-5570-48AB-99AC-97F315532303}.AppStore|Any CPU.ActiveCfg = Release|x86
		{86BEC42F-5570-48AB-99AC-97F315532303}.AppStore|Any CPU.Build.0 = Release|x86
		{86BEC42F-5570-48AB-99AC-97F315532303}.AppStore|Any CPU.Deploy.0 = Release|x86
		{86BEC42F-5570-48AB-99AC-97F315532303}.AppStore|ARM.ActiveCfg = Release|ARM
		{86BEC42F-5570-48AB-99AC-97F315532303}.AppStore|ARM.Build.0 = Release|ARM
		{86BEC42F-5570-48AB-99AC-97F315532303}.AppStore|ARM.Deploy.0 = Release|ARM
		{86BEC42F-5570-48AB-99AC-97F315532303}.AppStore|iPhone.ActiveCfg = Release|x86
		{86BEC42F-5570-48AB-99AC-97F315532303}.AppStore|iPhone.Build.0 = Release|x86
		{86BEC42F-5570-48AB-99AC-97F315532303}.AppStore|iPhone.Deploy.0 = Release|x86
		{86BEC42F-5570-48AB-99AC-97F315532303}.AppStore|iPhoneSimulator.ActiveCfg = Release|x86
		{86BEC42F-5570-48AB-99AC-97F315532303}.AppStore|iPhoneSimulator.Build.0 = Release|x86
		{86BEC42F-5570-48AB-99AC-97F315532303}.AppStore|iPhoneSimulator.Deploy.0 = Release|x86
		{86BEC42F-5570-48AB-99AC-97F315532303}.AppStore|x64.ActiveCfg = Release|x64
		{86BEC42F-5570-48AB-99AC-97F315532303}.AppStore|x64.Build.0 = Release|x64
		{86BEC42F-5570-48AB-99AC-97F315532303}.AppStore|x64.Deploy.0 = Release|x64
		{86BEC42F-5570-48AB-99AC-97F315532303}.AppStore|x86.ActiveCfg = Release|x86
		{86BEC42F-5570-48AB-99AC-97F315532303}.AppStore|x86.Build.0 = Release|x86
		{86BEC42F-5570-48AB-99AC-97F315532303}.AppStore|x86.Deploy.0 = Release|x86
		{86BEC42F-5570-48AB-99AC-97F315532303}.Debug|Any CPU.ActiveCfg = Debug|x86
		{86BEC42F-5570-48AB-99AC-97F315532303}.Debug|ARM.ActiveCfg = Debug|ARM
		{86BEC42F-5570-48AB-99AC-97F315532303}.Debug|ARM.Build.0 = Debug|ARM
		{86BEC42F-5570-48AB-99AC-97F315532303}.Debug|ARM.Deploy.0 = Debug|ARM
		{86BEC42F-5570-48AB-99AC-97F315532303}.Debug|iPhone.ActiveCfg = Debug|x86
		{86BEC42F-5570-48AB-99AC-97F315532303}.Debug|iPhoneSimulator.ActiveCfg = Debug|x86
		{86BEC42F-5570-48AB-99AC-97F315532303}.Debug|x64.ActiveCfg = Debug|x64
		{86BEC42F-5570-48AB-99AC-97F315532303}.Debug|x64.Build.0 = Debug|x64
		{86BEC42F-5570-48AB-99AC-97F315532303}.Debug|x64.Deploy.0 = Debug|x64
		{86BEC42F-5570-48AB-99AC-97F315532303}.Debug|x86.ActiveCfg = Debug|x86
		{86BEC42F-5570-48AB-99AC-97F315532303}.Debug|x86.Build.0 = Debug|x86
		{86BEC42F-5570-48AB-99AC-97F315532303}.Debug|x86.Deploy.0 = Debug|x86
		{86BEC42F-5570-48AB-99AC-97F315532303}.Release|Any CPU.ActiveCfg = Release|x86
		{86BEC42F-5570-48AB-99AC-97F315532303}.Release|ARM.ActiveCfg = Release|ARM
		{86BEC42F-5570-48AB-99AC-97F315532303}.Release|ARM.Build.0 = Release|ARM
		{86BEC42F-5570-48AB-99AC-97F315532303}.Release|ARM.Deploy.0 = Release|ARM
		{86BEC42F-5570-48AB-99AC-97F315532303}.Release|iPhone.ActiveCfg = Release|x86
		{86BEC42F-5570-48AB-99AC-97F315532303}.Release|iPhoneSimulator.ActiveCfg = Release|x86
		{86BEC42F-5570-48AB-99AC-97F315532303}.Release|x64.ActiveCfg = Release|x64
		{86BEC42F-5570-48AB-99AC-97F315532303}.Release|x64.Build.0 = Release|x64
		{86BEC42F-5570-48AB-99AC-97F315532303}.Release|x64.Deploy.0 = Release|x64
		{86BEC42F-5570-48AB-99AC-97F315532303}.Release|x86.ActiveCfg = Release|x86
		{86BEC42F-5570-48AB-99AC-97F315532303}.Release|x86.Build.0 = Release|x86
		{86BEC42F-5570-48AB-99AC-97F315532303}.Release|x86.Deploy.0 = Release|x86
		{E9D2B1A9-5DA7-4751-9D9B-CA8936F00158}.Ad-Hoc|Any CPU.ActiveCfg = Release|Any CPU
		{E9D2B1A9-5DA7-4751-9D9B-CA8936F00158}.Ad-Hoc|Any CPU.Build.0 = Release|Any CPU
		{E9D2B1A9-5DA7-4751-9D9B-CA8936F00158}.Ad-Hoc|Any CPU.Deploy.0 = Release|Any CPU
		{E9D2B1A9-5DA7-4751-9D9B-CA8936F00158}.Ad-Hoc|ARM.ActiveCfg = Release|ARM
		{E9D2B1A9-5DA7-4751-9D9B-CA8936F00158}.Ad-Hoc|ARM.Build.0 = Release|ARM
		{E9D2B1A9-5DA7-4751-9D9B-CA8936F00158}.Ad-Hoc|ARM.Deploy.0 = Release|ARM
		{E9D2B1A9-5DA7-4751-9D9B-CA8936F00158}.Ad-Hoc|iPhone.ActiveCfg = Release|Any CPU
		{E9D2B1A9-5DA7-4751-9D9B-CA8936F00158}.Ad-Hoc|iPhone.Build.0 = Release|Any CPU
		{E9D2B1A9-5DA7-4751-9D9B-CA8936F00158}.Ad-Hoc|iPhone.Deploy.0 = Release|Any CPU
		{E9D2B1A9-5DA7-4751-9D9B-CA8936F00158}.Ad-Hoc|iPhoneSimulator.ActiveCfg = Release|Any CPU
		{E9D2B1A9-5DA7-4751-9D9B-CA8936F00158}.Ad-Hoc|iPhoneSimulator.Build.0 = Release|Any CPU
		{E9D2B1A9-5DA7-4751-9D9B-CA8936F00158}.Ad-Hoc|iPhoneSimulator.Deploy.0 = Release|Any CPU
		{E9D2B1A9-5DA7-4751-9D9B-CA8936F00158}.Ad-Hoc|x64.ActiveCfg = Release|x64
		{E9D2B1A9-5DA7-4751-9D9B-CA8936F00158}.Ad-Hoc|x64.Build.0 = Release|x64
		{E9D2B1A9-5DA7-4751-9D9B-CA8936F00158}.Ad-Hoc|x64.Deploy.0 = Release|x64
		{E9D2B1A9-5DA7-4751-9D9B-CA8936F00158}.Ad-Hoc|x86.ActiveCfg = Release|x86
		{E9D2B1A9-5DA7-4751-9D9B-CA8936F00158}.Ad-Hoc|x86.Build.0 = Release|x86
		{E9D2B1A9-5DA7-4751-9D9B-CA8936F00158}.Ad-Hoc|x86.Deploy.0 = Release|x86
		{E9D2B1A9-5DA7-4751-9D9B-CA8936F00158}.AppStore|Any CPU.ActiveCfg = Release|Any CPU
		{E9D2B1A9-5DA7-4751-9D9B-CA8936F00158}.AppStore|Any CPU.Build.0 = Release|Any CPU
		{E9D2B1A9-5DA7-4751-9D9B-CA8936F00158}.AppStore|Any CPU.Deploy.0 = Release|Any CPU
		{E9D2B1A9-5DA7-4751-9D9B-CA8936F00158}.AppStore|ARM.ActiveCfg = Release|ARM
		{E9D2B1A9-5DA7-4751-9D9B-CA8936F00158}.AppStore|ARM.Build.0 = Release|ARM
		{E9D2B1A9-5DA7-4751-9D9B-CA8936F00158}.AppStore|ARM.Deploy.0 = Release|ARM
		{E9D2B1A9-5DA7-4751-9D9B-CA8936F00158}.AppStore|iPhone.ActiveCfg = Release|Any CPU
		{E9D2B1A9-5DA7-4751-9D9B-CA8936F00158}.AppStore|iPhone.Build.0 = Release|Any CPU
		{E9D2B1A9-5DA7-4751-9D9B-CA8936F00158}.AppStore|iPhone.Deploy.0 = Release|Any CPU
		{E9D2B1A9-5DA7-4751-9D9B-CA8936F00158}.AppStore|iPhoneSimulator.ActiveCfg = Release|Any CPU
		{E9D2B1A9-5DA7-4751-9D9B-CA8936F00158}.AppStore|iPhoneSimulator.Build.0 = Release|Any CPU
		{E9D2B1A9-5DA7-4751-9D9B-CA8936F00158}.AppStore|iPhoneSimulator.Deploy.0 = Release|Any CPU
		{E9D2B1A9-5DA7-4751-9D9B-CA8936F00158}.AppStore|x64.ActiveCfg = Release|x64
		{E9D2B1A9-5DA7-4751-9D9B-CA8936F00158}.AppStore|x64.Build.0 = Release|x64
		{E9D2B1A9-5DA7-4751-9D9B-CA8936F00158}.AppStore|x64.Deploy.0 = Release|x64
		{E9D2B1A9-5DA7-4751-9D9B-CA8936F00158}.AppStore|x86.ActiveCfg = Release|x86
		{E9D2B1A9-5DA7-4751-9D9B-CA8936F00158}.AppStore|x86.Build.0 = Release|x86
		{E9D2B1A9-5DA7-4751-9D9B-CA8936F00158}.AppStore|x86.Deploy.0 = Release|x86
		{E9D2B1A9-5DA7-4751-9D9B-CA8936F00158}.Debug|Any CPU.ActiveCfg = Debug|Any CPU
		{E9D2B1A9-5DA7-4751-9D9B-CA8936F00158}.Debug|Any CPU.Build.0 = Debug|Any CPU
		{E9D2B1A9-5DA7-4751-9D9B-CA8936F00158}.Debug|Any CPU.Deploy.0 = Debug|Any CPU
		{E9D2B1A9-5DA7-4751-9D9B-CA8936F00158}.Debug|ARM.ActiveCfg = Debug|ARM
		{E9D2B1A9-5DA7-4751-9D9B-CA8936F00158}.Debug|ARM.Build.0 = Debug|ARM
		{E9D2B1A9-5DA7-4751-9D9B-CA8936F00158}.Debug|ARM.Deploy.0 = Debug|ARM
		{E9D2B1A9-5DA7-4751-9D9B-CA8936F00158}.Debug|iPhone.ActiveCfg = Debug|Any CPU
		{E9D2B1A9-5DA7-4751-9D9B-CA8936F00158}.Debug|iPhone.Build.0 = Debug|Any CPU
		{E9D2B1A9-5DA7-4751-9D9B-CA8936F00158}.Debug|iPhone.Deploy.0 = Debug|Any CPU
		{E9D2B1A9-5DA7-4751-9D9B-CA8936F00158}.Debug|iPhoneSimulator.ActiveCfg = Debug|Any CPU
		{E9D2B1A9-5DA7-4751-9D9B-CA8936F00158}.Debug|iPhoneSimulator.Build.0 = Debug|Any CPU
		{E9D2B1A9-5DA7-4751-9D9B-CA8936F00158}.Debug|iPhoneSimulator.Deploy.0 = Debug|Any CPU
		{E9D2B1A9-5DA7-4751-9D9B-CA8936F00158}.Debug|x64.ActiveCfg = Debug|x64
		{E9D2B1A9-5DA7-4751-9D9B-CA8936F00158}.Debug|x64.Build.0 = Debug|x64
		{E9D2B1A9-5DA7-4751-9D9B-CA8936F00158}.Debug|x64.Deploy.0 = Debug|x64
		{E9D2B1A9-5DA7-4751-9D9B-CA8936F00158}.Debug|x86.ActiveCfg = Debug|x86
		{E9D2B1A9-5DA7-4751-9D9B-CA8936F00158}.Debug|x86.Build.0 = Debug|x86
		{E9D2B1A9-5DA7-4751-9D9B-CA8936F00158}.Debug|x86.Deploy.0 = Debug|x86
		{E9D2B1A9-5DA7-4751-9D9B-CA8936F00158}.Release|Any CPU.ActiveCfg = Release|Any CPU
		{E9D2B1A9-5DA7-4751-9D9B-CA8936F00158}.Release|Any CPU.Build.0 = Release|Any CPU
		{E9D2B1A9-5DA7-4751-9D9B-CA8936F00158}.Release|Any CPU.Deploy.0 = Release|Any CPU
		{E9D2B1A9-5DA7-4751-9D9B-CA8936F00158}.Release|ARM.ActiveCfg = Release|ARM
		{E9D2B1A9-5DA7-4751-9D9B-CA8936F00158}.Release|ARM.Build.0 = Release|ARM
		{E9D2B1A9-5DA7-4751-9D9B-CA8936F00158}.Release|ARM.Deploy.0 = Release|ARM
		{E9D2B1A9-5DA7-4751-9D9B-CA8936F00158}.Release|iPhone.ActiveCfg = Release|Any CPU
		{E9D2B1A9-5DA7-4751-9D9B-CA8936F00158}.Release|iPhone.Build.0 = Release|Any CPU
		{E9D2B1A9-5DA7-4751-9D9B-CA8936F00158}.Release|iPhone.Deploy.0 = Release|Any CPU
		{E9D2B1A9-5DA7-4751-9D9B-CA8936F00158}.Release|iPhoneSimulator.ActiveCfg = Release|Any CPU
		{E9D2B1A9-5DA7-4751-9D9B-CA8936F00158}.Release|iPhoneSimulator.Build.0 = Release|Any CPU
		{E9D2B1A9-5DA7-4751-9D9B-CA8936F00158}.Release|iPhoneSimulator.Deploy.0 = Release|Any CPU
		{E9D2B1A9-5DA7-4751-9D9B-CA8936F00158}.Release|x64.ActiveCfg = Release|x64
		{E9D2B1A9-5DA7-4751-9D9B-CA8936F00158}.Release|x64.Build.0 = Release|x64
		{E9D2B1A9-5DA7-4751-9D9B-CA8936F00158}.Release|x64.Deploy.0 = Release|x64
		{E9D2B1A9-5DA7-4751-9D9B-CA8936F00158}.Release|x86.ActiveCfg = Release|x86
		{E9D2B1A9-5DA7-4751-9D9B-CA8936F00158}.Release|x86.Build.0 = Release|x86
		{E9D2B1A9-5DA7-4751-9D9B-CA8936F00158}.Release|x86.Deploy.0 = Release|x86
		{BF9AA8A1-4227-447B-AAAF-954B88F36BAD}.Ad-Hoc|Any CPU.ActiveCfg = Release|Any CPU
		{BF9AA8A1-4227-447B-AAAF-954B88F36BAD}.Ad-Hoc|Any CPU.Build.0 = Release|Any CPU
		{BF9AA8A1-4227-447B-AAAF-954B88F36BAD}.Ad-Hoc|ARM.ActiveCfg = Release|Any CPU
		{BF9AA8A1-4227-447B-AAAF-954B88F36BAD}.Ad-Hoc|ARM.Build.0 = Release|Any CPU
		{BF9AA8A1-4227-447B-AAAF-954B88F36BAD}.Ad-Hoc|iPhone.ActiveCfg = Release|Any CPU
		{BF9AA8A1-4227-447B-AAAF-954B88F36BAD}.Ad-Hoc|iPhone.Build.0 = Release|Any CPU
		{BF9AA8A1-4227-447B-AAAF-954B88F36BAD}.Ad-Hoc|iPhoneSimulator.ActiveCfg = Release|Any CPU
		{BF9AA8A1-4227-447B-AAAF-954B88F36BAD}.Ad-Hoc|iPhoneSimulator.Build.0 = Release|Any CPU
		{BF9AA8A1-4227-447B-AAAF-954B88F36BAD}.Ad-Hoc|x64.ActiveCfg = Release|Any CPU
		{BF9AA8A1-4227-447B-AAAF-954B88F36BAD}.Ad-Hoc|x64.Build.0 = Release|Any CPU
		{BF9AA8A1-4227-447B-AAAF-954B88F36BAD}.Ad-Hoc|x86.ActiveCfg = Release|Any CPU
		{BF9AA8A1-4227-447B-AAAF-954B88F36BAD}.Ad-Hoc|x86.Build.0 = Release|Any CPU
		{BF9AA8A1-4227-447B-AAAF-954B88F36BAD}.AppStore|Any CPU.ActiveCfg = Release|Any CPU
		{BF9AA8A1-4227-447B-AAAF-954B88F36BAD}.AppStore|Any CPU.Build.0 = Release|Any CPU
		{BF9AA8A1-4227-447B-AAAF-954B88F36BAD}.AppStore|ARM.ActiveCfg = Release|Any CPU
		{BF9AA8A1-4227-447B-AAAF-954B88F36BAD}.AppStore|ARM.Build.0 = Release|Any CPU
		{BF9AA8A1-4227-447B-AAAF-954B88F36BAD}.AppStore|iPhone.ActiveCfg = Release|Any CPU
		{BF9AA8A1-4227-447B-AAAF-954B88F36BAD}.AppStore|iPhone.Build.0 = Release|Any CPU
		{BF9AA8A1-4227-447B-AAAF-954B88F36BAD}.AppStore|iPhoneSimulator.ActiveCfg = Release|Any CPU
		{BF9AA8A1-4227-447B-AAAF-954B88F36BAD}.AppStore|iPhoneSimulator.Build.0 = Release|Any CPU
		{BF9AA8A1-4227-447B-AAAF-954B88F36BAD}.AppStore|x64.ActiveCfg = Release|Any CPU
		{BF9AA8A1-4227-447B-AAAF-954B88F36BAD}.AppStore|x64.Build.0 = Release|Any CPU
		{BF9AA8A1-4227-447B-AAAF-954B88F36BAD}.AppStore|x86.ActiveCfg = Release|Any CPU
		{BF9AA8A1-4227-447B-AAAF-954B88F36BAD}.AppStore|x86.Build.0 = Release|Any CPU
		{BF9AA8A1-4227-447B-AAAF-954B88F36BAD}.Debug|Any CPU.ActiveCfg = Debug|Any CPU
		{BF9AA8A1-4227-447B-AAAF-954B88F36BAD}.Debug|Any CPU.Build.0 = Debug|Any CPU
		{BF9AA8A1-4227-447B-AAAF-954B88F36BAD}.Debug|ARM.ActiveCfg = Debug|Any CPU
		{BF9AA8A1-4227-447B-AAAF-954B88F36BAD}.Debug|ARM.Build.0 = Debug|Any CPU
		{BF9AA8A1-4227-447B-AAAF-954B88F36BAD}.Debug|iPhone.ActiveCfg = Debug|Any CPU
		{BF9AA8A1-4227-447B-AAAF-954B88F36BAD}.Debug|iPhone.Build.0 = Debug|Any CPU
		{BF9AA8A1-4227-447B-AAAF-954B88F36BAD}.Debug|iPhoneSimulator.ActiveCfg = Debug|Any CPU
		{BF9AA8A1-4227-447B-AAAF-954B88F36BAD}.Debug|iPhoneSimulator.Build.0 = Debug|Any CPU
		{BF9AA8A1-4227-447B-AAAF-954B88F36BAD}.Debug|x64.ActiveCfg = Debug|Any CPU
		{BF9AA8A1-4227-447B-AAAF-954B88F36BAD}.Debug|x64.Build.0 = Debug|Any CPU
		{BF9AA8A1-4227-447B-AAAF-954B88F36BAD}.Debug|x86.ActiveCfg = Debug|Any CPU
		{BF9AA8A1-4227-447B-AAAF-954B88F36BAD}.Debug|x86.Build.0 = Debug|Any CPU
		{BF9AA8A1-4227-447B-AAAF-954B88F36BAD}.Release|Any CPU.ActiveCfg = Release|Any CPU
		{BF9AA8A1-4227-447B-AAAF-954B88F36BAD}.Release|Any CPU.Build.0 = Release|Any CPU
		{BF9AA8A1-4227-447B-AAAF-954B88F36BAD}.Release|ARM.ActiveCfg = Release|Any CPU
		{BF9AA8A1-4227-447B-AAAF-954B88F36BAD}.Release|ARM.Build.0 = Release|Any CPU
		{BF9AA8A1-4227-447B-AAAF-954B88F36BAD}.Release|iPhone.ActiveCfg = Release|Any CPU
		{BF9AA8A1-4227-447B-AAAF-954B88F36BAD}.Release|iPhone.Build.0 = Release|Any CPU
		{BF9AA8A1-4227-447B-AAAF-954B88F36BAD}.Release|iPhoneSimulator.ActiveCfg = Release|Any CPU
		{BF9AA8A1-4227-447B-AAAF-954B88F36BAD}.Release|iPhoneSimulator.Build.0 = Release|Any CPU
		{BF9AA8A1-4227-447B-AAAF-954B88F36BAD}.Release|x64.ActiveCfg = Release|Any CPU
		{BF9AA8A1-4227-447B-AAAF-954B88F36BAD}.Release|x64.Build.0 = Release|Any CPU
		{BF9AA8A1-4227-447B-AAAF-954B88F36BAD}.Release|x86.ActiveCfg = Release|Any CPU
		{BF9AA8A1-4227-447B-AAAF-954B88F36BAD}.Release|x86.Build.0 = Release|Any CPU
	EndGlobalSection
	GlobalSection(SolutionProperties) = preSolution
		HideSolutionNode = FALSE
	EndGlobalSection
EndGlobal
